// !$*UTF8*$!
{
	archiveVersion = 1;
	classes = {
	};
	objectVersion = 50;
	objects = {

/* Begin PBXBuildFile section */
		35E3FB8D0B66B05BC449C255 /* Pods_MeTooReportMap.framework in Frameworks */ = {isa = PBXBuildFile; fileRef = 52184F27A65B4344C6B36E36 /* Pods_MeTooReportMap.framework */; };
		7C97402F213D01F3004AE532 /* AppDelegate.swift in Sources */ = {isa = PBXBuildFile; fileRef = 7C97402E213D01F3004AE532 /* AppDelegate.swift */; };
		7C974031213D01F3004AE532 /* MapViewController.swift in Sources */ = {isa = PBXBuildFile; fileRef = 7C974030213D01F3004AE532 /* MapViewController.swift */; };
		7C974033213D01F3004AE532 /* SettingsViewController.swift in Sources */ = {isa = PBXBuildFile; fileRef = 7C974032213D01F3004AE532 /* SettingsViewController.swift */; };
		7C974036213D01F3004AE532 /* Main.storyboard in Resources */ = {isa = PBXBuildFile; fileRef = 7C974034213D01F3004AE532 /* Main.storyboard */; };
		7C974038213D01F5004AE532 /* Assets.xcassets in Resources */ = {isa = PBXBuildFile; fileRef = 7C974037213D01F5004AE532 /* Assets.xcassets */; };
		7C97403B213D01F5004AE532 /* LaunchScreen.storyboard in Resources */ = {isa = PBXBuildFile; fileRef = 7C974039213D01F5004AE532 /* LaunchScreen.storyboard */; };
		7C974046213D01F5004AE532 /* MeTooReportMapTests.swift in Sources */ = {isa = PBXBuildFile; fileRef = 7C974045213D01F5004AE532 /* MeTooReportMapTests.swift */; };
		7C974051213D01F5004AE532 /* MeTooReportMapUITests.swift in Sources */ = {isa = PBXBuildFile; fileRef = 7C974050213D01F5004AE532 /* MeTooReportMapUITests.swift */; };
		7CB5308D213E60EA00AC7725 /* MeTooUser.swift in Sources */ = {isa = PBXBuildFile; fileRef = 7CB5308C213E60EA00AC7725 /* MeTooUser.swift */; };
		7CB5308F213E642A00AC7725 /* SignUpViewController.swift in Sources */ = {isa = PBXBuildFile; fileRef = 7CB5308E213E642A00AC7725 /* SignUpViewController.swift */; };
		7CB53091213E6AAE00AC7725 /* DataAccessResult.swift in Sources */ = {isa = PBXBuildFile; fileRef = 7CB53090213E6AAE00AC7725 /* DataAccessResult.swift */; };
/* End PBXBuildFile section */

/* Begin PBXContainerItemProxy section */
		7C974042213D01F5004AE532 /* PBXContainerItemProxy */ = {
			isa = PBXContainerItemProxy;
			containerPortal = 7C974023213D01F3004AE532 /* Project object */;
			proxyType = 1;
			remoteGlobalIDString = 7C97402A213D01F3004AE532;
			remoteInfo = MeTooReportMap;
		};
		7C97404D213D01F5004AE532 /* PBXContainerItemProxy */ = {
			isa = PBXContainerItemProxy;
			containerPortal = 7C974023213D01F3004AE532 /* Project object */;
			proxyType = 1;
			remoteGlobalIDString = 7C97402A213D01F3004AE532;
			remoteInfo = MeTooReportMap;
		};
/* End PBXContainerItemProxy section */

/* Begin PBXFileReference section */
		15B990F077625D0B4DFAD060 /* Pods-MeTooReportMap.debug.xcconfig */ = {isa = PBXFileReference; includeInIndex = 1; lastKnownFileType = text.xcconfig; name = "Pods-MeTooReportMap.debug.xcconfig"; path = "Pods/Target Support Files/Pods-MeTooReportMap/Pods-MeTooReportMap.debug.xcconfig"; sourceTree = "<group>"; };
		52184F27A65B4344C6B36E36 /* Pods_MeTooReportMap.framework */ = {isa = PBXFileReference; explicitFileType = wrapper.framework; includeInIndex = 0; path = Pods_MeTooReportMap.framework; sourceTree = BUILT_PRODUCTS_DIR; };
		7C97402B213D01F3004AE532 /* MeTooReportMap.app */ = {isa = PBXFileReference; explicitFileType = wrapper.application; includeInIndex = 0; path = MeTooReportMap.app; sourceTree = BUILT_PRODUCTS_DIR; };
		7C97402E213D01F3004AE532 /* AppDelegate.swift */ = {isa = PBXFileReference; lastKnownFileType = sourcecode.swift; path = AppDelegate.swift; sourceTree = "<group>"; };
		7C974030213D01F3004AE532 /* MapViewController.swift */ = {isa = PBXFileReference; lastKnownFileType = sourcecode.swift; path = MapViewController.swift; sourceTree = "<group>"; };
		7C974032213D01F3004AE532 /* SettingsViewController.swift */ = {isa = PBXFileReference; lastKnownFileType = sourcecode.swift; path = SettingsViewController.swift; sourceTree = "<group>"; };
		7C974035213D01F3004AE532 /* Base */ = {isa = PBXFileReference; lastKnownFileType = file.storyboard; name = Base; path = Base.lproj/Main.storyboard; sourceTree = "<group>"; };
		7C974037213D01F5004AE532 /* Assets.xcassets */ = {isa = PBXFileReference; lastKnownFileType = folder.assetcatalog; path = Assets.xcassets; sourceTree = "<group>"; };
		7C97403A213D01F5004AE532 /* Base */ = {isa = PBXFileReference; lastKnownFileType = file.storyboard; name = Base; path = Base.lproj/LaunchScreen.storyboard; sourceTree = "<group>"; };
		7C97403C213D01F5004AE532 /* Info.plist */ = {isa = PBXFileReference; lastKnownFileType = text.plist.xml; path = Info.plist; sourceTree = "<group>"; };
		7C974041213D01F5004AE532 /* MeTooReportMapTests.xctest */ = {isa = PBXFileReference; explicitFileType = wrapper.cfbundle; includeInIndex = 0; path = MeTooReportMapTests.xctest; sourceTree = BUILT_PRODUCTS_DIR; };
		7C974045213D01F5004AE532 /* MeTooReportMapTests.swift */ = {isa = PBXFileReference; lastKnownFileType = sourcecode.swift; path = MeTooReportMapTests.swift; sourceTree = "<group>"; };
		7C974047213D01F5004AE532 /* Info.plist */ = {isa = PBXFileReference; lastKnownFileType = text.plist.xml; path = Info.plist; sourceTree = "<group>"; };
		7C97404C213D01F5004AE532 /* MeTooReportMapUITests.xctest */ = {isa = PBXFileReference; explicitFileType = wrapper.cfbundle; includeInIndex = 0; path = MeTooReportMapUITests.xctest; sourceTree = BUILT_PRODUCTS_DIR; };
		7C974050213D01F5004AE532 /* MeTooReportMapUITests.swift */ = {isa = PBXFileReference; lastKnownFileType = sourcecode.swift; path = MeTooReportMapUITests.swift; sourceTree = "<group>"; };
		7C974052213D01F5004AE532 /* Info.plist */ = {isa = PBXFileReference; lastKnownFileType = text.plist.xml; path = Info.plist; sourceTree = "<group>"; };
		7CB5308C213E60EA00AC7725 /* MeTooUser.swift */ = {isa = PBXFileReference; lastKnownFileType = sourcecode.swift; path = MeTooUser.swift; sourceTree = "<group>"; };
		7CB5308E213E642A00AC7725 /* SignUpViewController.swift */ = {isa = PBXFileReference; lastKnownFileType = sourcecode.swift; path = SignUpViewController.swift; sourceTree = "<group>"; };
		7CB53090213E6AAE00AC7725 /* DataAccessResult.swift */ = {isa = PBXFileReference; lastKnownFileType = sourcecode.swift; path = DataAccessResult.swift; sourceTree = "<group>"; };
		8E18BFB044FA3516458BB0C6 /* Pods-MeTooReportMap.release.xcconfig */ = {isa = PBXFileReference; includeInIndex = 1; lastKnownFileType = text.xcconfig; name = "Pods-MeTooReportMap.release.xcconfig"; path = "Pods/Target Support Files/Pods-MeTooReportMap/Pods-MeTooReportMap.release.xcconfig"; sourceTree = "<group>"; };
/* End PBXFileReference section */

/* Begin PBXFrameworksBuildPhase section */
		7C974028213D01F3004AE532 /* Frameworks */ = {
			isa = PBXFrameworksBuildPhase;
			buildActionMask = 2147483647;
			files = (
				35E3FB8D0B66B05BC449C255 /* Pods_MeTooReportMap.framework in Frameworks */,
			);
			runOnlyForDeploymentPostprocessing = 0;
		};
		7C97403E213D01F5004AE532 /* Frameworks */ = {
			isa = PBXFrameworksBuildPhase;
			buildActionMask = 2147483647;
			files = (
			);
			runOnlyForDeploymentPostprocessing = 0;
		};
		7C974049213D01F5004AE532 /* Frameworks */ = {
			isa = PBXFrameworksBuildPhase;
			buildActionMask = 2147483647;
			files = (
			);
			runOnlyForDeploymentPostprocessing = 0;
		};
/* End PBXFrameworksBuildPhase section */

/* Begin PBXGroup section */
		7C974022213D01F3004AE532 = {
			isa = PBXGroup;
			children = (
				7C97402D213D01F3004AE532 /* MeTooReportMap */,
				7C974044213D01F5004AE532 /* MeTooReportMapTests */,
				7C97404F213D01F5004AE532 /* MeTooReportMapUITests */,
				7C97402C213D01F3004AE532 /* Products */,
				87FF29487BFA3DE58FDF565F /* Pods */,
				D79C6059B11228059CCEA317 /* Frameworks */,
			);
			sourceTree = "<group>";
		};
		7C97402C213D01F3004AE532 /* Products */ = {
			isa = PBXGroup;
			children = (
				7C97402B213D01F3004AE532 /* MeTooReportMap.app */,
				7C974041213D01F5004AE532 /* MeTooReportMapTests.xctest */,
				7C97404C213D01F5004AE532 /* MeTooReportMapUITests.xctest */,
			);
			name = Products;
			sourceTree = "<group>";
		};
		7C97402D213D01F3004AE532 /* MeTooReportMap */ = {
			isa = PBXGroup;
			children = (
				7CB5308B213D1A6C00AC7725 /* DataAccessObject */,
				7CB5308A213D198800AC7725 /* Views */,
				7C97402E213D01F3004AE532 /* AppDelegate.swift */,
				7C974034213D01F3004AE532 /* Main.storyboard */,
				7C974037213D01F5004AE532 /* Assets.xcassets */,
				7C974039213D01F5004AE532 /* LaunchScreen.storyboard */,
				7C97403C213D01F5004AE532 /* Info.plist */,
			);
			path = MeTooReportMap;
			sourceTree = "<group>";
		};
		7C974044213D01F5004AE532 /* MeTooReportMapTests */ = {
			isa = PBXGroup;
			children = (
				7C974045213D01F5004AE532 /* MeTooReportMapTests.swift */,
				7C974047213D01F5004AE532 /* Info.plist */,
			);
			path = MeTooReportMapTests;
			sourceTree = "<group>";
		};
		7C97404F213D01F5004AE532 /* MeTooReportMapUITests */ = {
			isa = PBXGroup;
			children = (
				7C974050213D01F5004AE532 /* MeTooReportMapUITests.swift */,
				7C974052213D01F5004AE532 /* Info.plist */,
			);
			path = MeTooReportMapUITests;
			sourceTree = "<group>";
		};
		7CB5308A213D198800AC7725 /* Views */ = {
			isa = PBXGroup;
			children = (
				7C974030213D01F3004AE532 /* MapViewController.swift */,
				7C974032213D01F3004AE532 /* SettingsViewController.swift */,
				7CB5308E213E642A00AC7725 /* SignUpViewController.swift */,
			);
			path = Views;
			sourceTree = "<group>";
		};
		7CB5308B213D1A6C00AC7725 /* DataAccessObject */ = {
			isa = PBXGroup;
			children = (
				7CB5308C213E60EA00AC7725 /* MeTooUser.swift */,
				7CB53090213E6AAE00AC7725 /* DataAccessResult.swift */,
			);
			path = DataAccessObject;
			sourceTree = "<group>";
		};
		87FF29487BFA3DE58FDF565F /* Pods */ = {
			isa = PBXGroup;
			children = (
				15B990F077625D0B4DFAD060 /* Pods-MeTooReportMap.debug.xcconfig */,
				8E18BFB044FA3516458BB0C6 /* Pods-MeTooReportMap.release.xcconfig */,
			);
			name = Pods;
			sourceTree = "<group>";
		};
		D79C6059B11228059CCEA317 /* Frameworks */ = {
			isa = PBXGroup;
			children = (
				52184F27A65B4344C6B36E36 /* Pods_MeTooReportMap.framework */,
			);
			name = Frameworks;
			sourceTree = "<group>";
		};
/* End PBXGroup section */

/* Begin PBXNativeTarget section */
		7C97402A213D01F3004AE532 /* MeTooReportMap */ = {
			isa = PBXNativeTarget;
			buildConfigurationList = 7C974055213D01F5004AE532 /* Build configuration list for PBXNativeTarget "MeTooReportMap" */;
			buildPhases = (
				0175560D801DBD4DDC3AE888 /* [CP] Check Pods Manifest.lock */,
				7C974027213D01F3004AE532 /* Sources */,
				7C974028213D01F3004AE532 /* Frameworks */,
				7C974029213D01F3004AE532 /* Resources */,
				41C8B3967B592AB7089B1DE8 /* [CP] Embed Pods Frameworks */,
			);
			buildRules = (
			);
			dependencies = (
			);
			name = MeTooReportMap;
			productName = MeTooReportMap;
			productReference = 7C97402B213D01F3004AE532 /* MeTooReportMap.app */;
			productType = "com.apple.product-type.application";
		};
		7C974040213D01F5004AE532 /* MeTooReportMapTests */ = {
			isa = PBXNativeTarget;
			buildConfigurationList = 7C974058213D01F5004AE532 /* Build configuration list for PBXNativeTarget "MeTooReportMapTests" */;
			buildPhases = (
				7C97403D213D01F5004AE532 /* Sources */,
				7C97403E213D01F5004AE532 /* Frameworks */,
				7C97403F213D01F5004AE532 /* Resources */,
			);
			buildRules = (
			);
			dependencies = (
				7C974043213D01F5004AE532 /* PBXTargetDependency */,
			);
			name = MeTooReportMapTests;
			productName = MeTooReportMapTests;
			productReference = 7C974041213D01F5004AE532 /* MeTooReportMapTests.xctest */;
			productType = "com.apple.product-type.bundle.unit-test";
		};
		7C97404B213D01F5004AE532 /* MeTooReportMapUITests */ = {
			isa = PBXNativeTarget;
			buildConfigurationList = 7C97405B213D01F5004AE532 /* Build configuration list for PBXNativeTarget "MeTooReportMapUITests" */;
			buildPhases = (
				7C974048213D01F5004AE532 /* Sources */,
				7C974049213D01F5004AE532 /* Frameworks */,
				7C97404A213D01F5004AE532 /* Resources */,
			);
			buildRules = (
			);
			dependencies = (
				7C97404E213D01F5004AE532 /* PBXTargetDependency */,
			);
			name = MeTooReportMapUITests;
			productName = MeTooReportMapUITests;
			productReference = 7C97404C213D01F5004AE532 /* MeTooReportMapUITests.xctest */;
			productType = "com.apple.product-type.bundle.ui-testing";
		};
/* End PBXNativeTarget section */

/* Begin PBXProject section */
		7C974023213D01F3004AE532 /* Project object */ = {
			isa = PBXProject;
			attributes = {
				LastSwiftUpdateCheck = 0940;
				LastUpgradeCheck = 0940;
				ORGANIZATIONNAME = metooreportmap;
				TargetAttributes = {
					7C97402A213D01F3004AE532 = {
						CreatedOnToolsVersion = 9.4.1;
					};
					7C974040213D01F5004AE532 = {
						CreatedOnToolsVersion = 9.4.1;
						TestTargetID = 7C97402A213D01F3004AE532;
					};
					7C97404B213D01F5004AE532 = {
						CreatedOnToolsVersion = 9.4.1;
						TestTargetID = 7C97402A213D01F3004AE532;
					};
				};
			};
			buildConfigurationList = 7C974026213D01F3004AE532 /* Build configuration list for PBXProject "MeTooReportMap" */;
			compatibilityVersion = "Xcode 9.3";
			developmentRegion = en;
			hasScannedForEncodings = 0;
			knownRegions = (
				en,
				Base,
			);
			mainGroup = 7C974022213D01F3004AE532;
			productRefGroup = 7C97402C213D01F3004AE532 /* Products */;
			projectDirPath = "";
			projectRoot = "";
			targets = (
				7C97402A213D01F3004AE532 /* MeTooReportMap */,
				7C974040213D01F5004AE532 /* MeTooReportMapTests */,
				7C97404B213D01F5004AE532 /* MeTooReportMapUITests */,
			);
		};
/* End PBXProject section */

/* Begin PBXResourcesBuildPhase section */
		7C974029213D01F3004AE532 /* Resources */ = {
			isa = PBXResourcesBuildPhase;
			buildActionMask = 2147483647;
			files = (
				7C97403B213D01F5004AE532 /* LaunchScreen.storyboard in Resources */,
				7C974038213D01F5004AE532 /* Assets.xcassets in Resources */,
				7C974036213D01F3004AE532 /* Main.storyboard in Resources */,
			);
			runOnlyForDeploymentPostprocessing = 0;
		};
		7C97403F213D01F5004AE532 /* Resources */ = {
			isa = PBXResourcesBuildPhase;
			buildActionMask = 2147483647;
			files = (
			);
			runOnlyForDeploymentPostprocessing = 0;
		};
		7C97404A213D01F5004AE532 /* Resources */ = {
			isa = PBXResourcesBuildPhase;
			buildActionMask = 2147483647;
			files = (
			);
			runOnlyForDeploymentPostprocessing = 0;
		};
/* End PBXResourcesBuildPhase section */

/* Begin PBXShellScriptBuildPhase section */
		0175560D801DBD4DDC3AE888 /* [CP] Check Pods Manifest.lock */ = {
			isa = PBXShellScriptBuildPhase;
			buildActionMask = 2147483647;
			files = (
			);
			inputPaths = (
				"${PODS_PODFILE_DIR_PATH}/Podfile.lock",
				"${PODS_ROOT}/Manifest.lock",
			);
			name = "[CP] Check Pods Manifest.lock";
			outputPaths = (
				"$(DERIVED_FILE_DIR)/Pods-MeTooReportMap-checkManifestLockResult.txt",
			);
			runOnlyForDeploymentPostprocessing = 0;
			shellPath = /bin/sh;
			shellScript = "diff \"${PODS_PODFILE_DIR_PATH}/Podfile.lock\" \"${PODS_ROOT}/Manifest.lock\" > /dev/null\nif [ $? != 0 ] ; then\n    # print error to STDERR\n    echo \"error: The sandbox is not in sync with the Podfile.lock. Run 'pod install' or update your CocoaPods installation.\" >&2\n    exit 1\nfi\n# This output is used by Xcode 'outputs' to avoid re-running this script phase.\necho \"SUCCESS\" > \"${SCRIPT_OUTPUT_FILE_0}\"\n";
			showEnvVarsInLog = 0;
		};
		41C8B3967B592AB7089B1DE8 /* [CP] Embed Pods Frameworks */ = {
			isa = PBXShellScriptBuildPhase;
			buildActionMask = 2147483647;
			files = (
			);
			inputPaths = (
				"${SRCROOT}/Pods/Target Support Files/Pods-MeTooReportMap/Pods-MeTooReportMap-frameworks.sh",
				"${BUILT_PRODUCTS_DIR}/Alamofire/Alamofire.framework",
				"${BUILT_PRODUCTS_DIR}/LeanCloud/LeanCloud.framework",
			);
			name = "[CP] Embed Pods Frameworks";
			outputPaths = (
				"${TARGET_BUILD_DIR}/${FRAMEWORKS_FOLDER_PATH}/Alamofire.framework",
				"${TARGET_BUILD_DIR}/${FRAMEWORKS_FOLDER_PATH}/LeanCloud.framework",
			);
			runOnlyForDeploymentPostprocessing = 0;
			shellPath = /bin/sh;
			shellScript = "\"${SRCROOT}/Pods/Target Support Files/Pods-MeTooReportMap/Pods-MeTooReportMap-frameworks.sh\"\n";
			showEnvVarsInLog = 0;
		};
/* End PBXShellScriptBuildPhase section */

/* Begin PBXSourcesBuildPhase section */
		7C974027213D01F3004AE532 /* Sources */ = {
			isa = PBXSourcesBuildPhase;
			buildActionMask = 2147483647;
			files = (
				7CB5308D213E60EA00AC7725 /* MeTooUser.swift in Sources */,
				7C974033213D01F3004AE532 /* SettingsViewController.swift in Sources */,
				7C97402F213D01F3004AE532 /* AppDelegate.swift in Sources */,
				7C974031213D01F3004AE532 /* MapViewController.swift in Sources */,
				7CB53091213E6AAE00AC7725 /* DataAccessResult.swift in Sources */,
				7CB5308F213E642A00AC7725 /* SignUpViewController.swift in Sources */,
			);
			runOnlyForDeploymentPostprocessing = 0;
		};
		7C97403D213D01F5004AE532 /* Sources */ = {
			isa = PBXSourcesBuildPhase;
			buildActionMask = 2147483647;
			files = (
				7C974046213D01F5004AE532 /* MeTooReportMapTests.swift in Sources */,
			);
			runOnlyForDeploymentPostprocessing = 0;
		};
		7C974048213D01F5004AE532 /* Sources */ = {
			isa = PBXSourcesBuildPhase;
			buildActionMask = 2147483647;
			files = (
				7C974051213D01F5004AE532 /* MeTooReportMapUITests.swift in Sources */,
			);
			runOnlyForDeploymentPostprocessing = 0;
		};
/* End PBXSourcesBuildPhase section */

/* Begin PBXTargetDependency section */
		7C974043213D01F5004AE532 /* PBXTargetDependency */ = {
			isa = PBXTargetDependency;
			target = 7C97402A213D01F3004AE532 /* MeTooReportMap */;
			targetProxy = 7C974042213D01F5004AE532 /* PBXContainerItemProxy */;
		};
		7C97404E213D01F5004AE532 /* PBXTargetDependency */ = {
			isa = PBXTargetDependency;
			target = 7C97402A213D01F3004AE532 /* MeTooReportMap */;
			targetProxy = 7C97404D213D01F5004AE532 /* PBXContainerItemProxy */;
		};
/* End PBXTargetDependency section */

/* Begin PBXVariantGroup section */
		7C974034213D01F3004AE532 /* Main.storyboard */ = {
			isa = PBXVariantGroup;
			children = (
				7C974035213D01F3004AE532 /* Base */,
			);
			name = Main.storyboard;
			sourceTree = "<group>";
		};
		7C974039213D01F5004AE532 /* LaunchScreen.storyboard */ = {
			isa = PBXVariantGroup;
			children = (
				7C97403A213D01F5004AE532 /* Base */,
			);
			name = LaunchScreen.storyboard;
			sourceTree = "<group>";
		};
/* End PBXVariantGroup section */

/* Begin XCBuildConfiguration section */
		7C974053213D01F5004AE532 /* Debug */ = {
			isa = XCBuildConfiguration;
			buildSettings = {
				ALWAYS_SEARCH_USER_PATHS = NO;
				CLANG_ANALYZER_NONNULL = YES;
				CLANG_ANALYZER_NUMBER_OBJECT_CONVERSION = YES_AGGRESSIVE;
				CLANG_CXX_LANGUAGE_STANDARD = "gnu++14";
				CLANG_CXX_LIBRARY = "libc++";
				CLANG_ENABLE_MODULES = YES;
				CLANG_ENABLE_OBJC_ARC = YES;
				CLANG_ENABLE_OBJC_WEAK = YES;
				CLANG_WARN_BLOCK_CAPTURE_AUTORELEASING = YES;
				CLANG_WARN_BOOL_CONVERSION = YES;
				CLANG_WARN_COMMA = YES;
				CLANG_WARN_CONSTANT_CONVERSION = YES;
				CLANG_WARN_DEPRECATED_OBJC_IMPLEMENTATIONS = YES;
				CLANG_WARN_DIRECT_OBJC_ISA_USAGE = YES_ERROR;
				CLANG_WARN_DOCUMENTATION_COMMENTS = YES;
				CLANG_WARN_EMPTY_BODY = YES;
				CLANG_WARN_ENUM_CONVERSION = YES;
				CLANG_WARN_INFINITE_RECURSION = YES;
				CLANG_WARN_INT_CONVERSION = YES;
				CLANG_WARN_NON_LITERAL_NULL_CONVERSION = YES;
				CLANG_WARN_OBJC_IMPLICIT_RETAIN_SELF = YES;
				CLANG_WARN_OBJC_LITERAL_CONVERSION = YES;
				CLANG_WARN_OBJC_ROOT_CLASS = YES_ERROR;
				CLANG_WARN_RANGE_LOOP_ANALYSIS = YES;
				CLANG_WARN_STRICT_PROTOTYPES = YES;
				CLANG_WARN_SUSPICIOUS_MOVE = YES;
				CLANG_WARN_UNGUARDED_AVAILABILITY = YES_AGGRESSIVE;
				CLANG_WARN_UNREACHABLE_CODE = YES;
				CLANG_WARN__DUPLICATE_METHOD_MATCH = YES;
				CODE_SIGN_IDENTITY = "iPhone Developer";
				COPY_PHASE_STRIP = NO;
				DEBUG_INFORMATION_FORMAT = dwarf;
				ENABLE_STRICT_OBJC_MSGSEND = YES;
				ENABLE_TESTABILITY = YES;
				GCC_C_LANGUAGE_STANDARD = gnu11;
				GCC_DYNAMIC_NO_PIC = NO;
				GCC_NO_COMMON_BLOCKS = YES;
				GCC_OPTIMIZATION_LEVEL = 0;
				GCC_PREPROCESSOR_DEFINITIONS = (
					"DEBUG=1",
					"$(inherited)",
				);
				GCC_WARN_64_TO_32_BIT_CONVERSION = YES;
				GCC_WARN_ABOUT_RETURN_TYPE = YES_ERROR;
				GCC_WARN_UNDECLARED_SELECTOR = YES;
				GCC_WARN_UNINITIALIZED_AUTOS = YES_AGGRESSIVE;
				GCC_WARN_UNUSED_FUNCTION = YES;
				GCC_WARN_UNUSED_VARIABLE = YES;
				IPHONEOS_DEPLOYMENT_TARGET = 11.4;
				MTL_ENABLE_DEBUG_INFO = YES;
				ONLY_ACTIVE_ARCH = YES;
				SDKROOT = iphoneos;
				SWIFT_ACTIVE_COMPILATION_CONDITIONS = DEBUG;
				SWIFT_OPTIMIZATION_LEVEL = "-Onone";
			};
			name = Debug;
		};
		7C974054213D01F5004AE532 /* Release */ = {
			isa = XCBuildConfiguration;
			buildSettings = {
				ALWAYS_SEARCH_USER_PATHS = NO;
				CLANG_ANALYZER_NONNULL = YES;
				CLANG_ANALYZER_NUMBER_OBJECT_CONVERSION = YES_AGGRESSIVE;
				CLANG_CXX_LANGUAGE_STANDARD = "gnu++14";
				CLANG_CXX_LIBRARY = "libc++";
				CLANG_ENABLE_MODULES = YES;
				CLANG_ENABLE_OBJC_ARC = YES;
				CLANG_ENABLE_OBJC_WEAK = YES;
				CLANG_WARN_BLOCK_CAPTURE_AUTORELEASING = YES;
				CLANG_WARN_BOOL_CONVERSION = YES;
				CLANG_WARN_COMMA = YES;
				CLANG_WARN_CONSTANT_CONVERSION = YES;
				CLANG_WARN_DEPRECATED_OBJC_IMPLEMENTATIONS = YES;
				CLANG_WARN_DIRECT_OBJC_ISA_USAGE = YES_ERROR;
				CLANG_WARN_DOCUMENTATION_COMMENTS = YES;
				CLANG_WARN_EMPTY_BODY = YES;
				CLANG_WARN_ENUM_CONVERSION = YES;
				CLANG_WARN_INFINITE_RECURSION = YES;
				CLANG_WARN_INT_CONVERSION = YES;
				CLANG_WARN_NON_LITERAL_NULL_CONVERSION = YES;
				CLANG_WARN_OBJC_IMPLICIT_RETAIN_SELF = YES;
				CLANG_WARN_OBJC_LITERAL_CONVERSION = YES;
				CLANG_WARN_OBJC_ROOT_CLASS = YES_ERROR;
				CLANG_WARN_RANGE_LOOP_ANALYSIS = YES;
				CLANG_WARN_STRICT_PROTOTYPES = YES;
				CLANG_WARN_SUSPICIOUS_MOVE = YES;
				CLANG_WARN_UNGUARDED_AVAILABILITY = YES_AGGRESSIVE;
				CLANG_WARN_UNREACHABLE_CODE = YES;
				CLANG_WARN__DUPLICATE_METHOD_MATCH = YES;
				CODE_SIGN_IDENTITY = "iPhone Developer";
				COPY_PHASE_STRIP = NO;
				DEBUG_INFORMATION_FORMAT = "dwarf-with-dsym";
				ENABLE_NS_ASSERTIONS = NO;
				ENABLE_STRICT_OBJC_MSGSEND = YES;
				GCC_C_LANGUAGE_STANDARD = gnu11;
				GCC_NO_COMMON_BLOCKS = YES;
				GCC_WARN_64_TO_32_BIT_CONVERSION = YES;
				GCC_WARN_ABOUT_RETURN_TYPE = YES_ERROR;
				GCC_WARN_UNDECLARED_SELECTOR = YES;
				GCC_WARN_UNINITIALIZED_AUTOS = YES_AGGRESSIVE;
				GCC_WARN_UNUSED_FUNCTION = YES;
				GCC_WARN_UNUSED_VARIABLE = YES;
				IPHONEOS_DEPLOYMENT_TARGET = 11.4;
				MTL_ENABLE_DEBUG_INFO = NO;
				SDKROOT = iphoneos;
				SWIFT_COMPILATION_MODE = wholemodule;
				SWIFT_OPTIMIZATION_LEVEL = "-O";
				VALIDATE_PRODUCT = YES;
			};
			name = Release;
		};
		7C974056213D01F5004AE532 /* Debug */ = {
			isa = XCBuildConfiguration;
			baseConfigurationReference = 15B990F077625D0B4DFAD060 /* Pods-MeTooReportMap.debug.xcconfig */;
			buildSettings = {
				ASSETCATALOG_COMPILER_APPICON_NAME = AppIcon;
				CODE_SIGN_STYLE = Automatic;
				DEVELOPMENT_TEAM = 33TJB32FQB;
				INFOPLIST_FILE = MeTooReportMap/Info.plist;
				LD_RUNPATH_SEARCH_PATHS = (
					"$(inherited)",
					"@executable_path/Frameworks",
				);
				PRODUCT_BUNDLE_IDENTIFIER = com.mingxuanzha.MeTooReportMap;
				PRODUCT_NAME = "$(TARGET_NAME)";
				SWIFT_VERSION = 4.0;
				TARGETED_DEVICE_FAMILY = "1,2";
			};
			name = Debug;
		};
		7C974057213D01F5004AE532 /* Release */ = {
			isa = XCBuildConfiguration;
			baseConfigurationReference = 8E18BFB044FA3516458BB0C6 /* Pods-MeTooReportMap.release.xcconfig */;
			buildSettings = {
				ASSETCATALOG_COMPILER_APPICON_NAME = AppIcon;
				CODE_SIGN_STYLE = Automatic;
				DEVELOPMENT_TEAM = 33TJB32FQB;
				INFOPLIST_FILE = MeTooReportMap/Info.plist;
				LD_RUNPATH_SEARCH_PATHS = (
					"$(inherited)",
					"@executable_path/Frameworks",
				);
				PRODUCT_BUNDLE_IDENTIFIER = com.mingxuanzha.MeTooReportMap;
				PRODUCT_NAME = "$(TARGET_NAME)";
				SWIFT_VERSION = 4.0;
				TARGETED_DEVICE_FAMILY = "1,2";
			};
			name = Release;
		};
		7C974059213D01F5004AE532 /* Debug */ = {
			isa = XCBuildConfiguration;
			buildSettings = {
				ALWAYS_EMBED_SWIFT_STANDARD_LIBRARIES = YES;
				BUNDLE_LOADER = "$(TEST_HOST)";
				CODE_SIGN_STYLE = Automatic;
				DEVELOPMENT_TEAM = 33TJB32FQB;
				INFOPLIST_FILE = MeTooReportMapTests/Info.plist;
				LD_RUNPATH_SEARCH_PATHS = (
					"$(inherited)",
					"@executable_path/Frameworks",
					"@loader_path/Frameworks",
				);
				PRODUCT_BUNDLE_IDENTIFIER = com.mingxuanzha.MeTooReportMapTests;
				PRODUCT_NAME = "$(TARGET_NAME)";
				SWIFT_VERSION = 4.0;
				TARGETED_DEVICE_FAMILY = "1,2";
				TEST_HOST = "$(BUILT_PRODUCTS_DIR)/MeTooReportMap.app/MeTooReportMap";
			};
			name = Debug;
		};
		7C97405A213D01F5004AE532 /* Release */ = {
			isa = XCBuildConfiguration;
			buildSettings = {
				ALWAYS_EMBED_SWIFT_STANDARD_LIBRARIES = YES;
				BUNDLE_LOADER = "$(TEST_HOST)";
				CODE_SIGN_STYLE = Automatic;
				DEVELOPMENT_TEAM = 33TJB32FQB;
				INFOPLIST_FILE = MeTooReportMapTests/Info.plist;
				LD_RUNPATH_SEARCH_PATHS = (
					"$(inherited)",
					"@executable_path/Frameworks",
					"@loader_path/Frameworks",
				);
				PRODUCT_BUNDLE_IDENTIFIER = com.mingxuanzha.MeTooReportMapTests;
				PRODUCT_NAME = "$(TARGET_NAME)";
				SWIFT_VERSION = 4.0;
				TARGETED_DEVICE_FAMILY = "1,2";
				TEST_HOST = "$(BUILT_PRODUCTS_DIR)/MeTooReportMap.app/MeTooReportMap";
			};
			name = Release;
		};
		7C97405C213D01F5004AE532 /* Debug */ = {
			isa = XCBuildConfiguration;
			buildSettings = {
				ALWAYS_EMBED_SWIFT_STANDARD_LIBRARIES = YES;
				CODE_SIGN_STYLE = Automatic;
				DEVELOPMENT_TEAM = 33TJB32FQB;
				INFOPLIST_FILE = MeTooReportMapUITests/Info.plist;
				LD_RUNPATH_SEARCH_PATHS = (
					"$(inherited)",
					"@executable_path/Frameworks",
					"@loader_path/Frameworks",
				);
				PRODUCT_BUNDLE_IDENTIFIER = com.mingxuanzha.MeTooReportMapUITests;
				PRODUCT_NAME = "$(TARGET_NAME)";
				SWIFT_VERSION = 4.0;
				TARGETED_DEVICE_FAMILY = "1,2";
				TEST_TARGET_NAME = MeTooReportMap;
			};
			name = Debug;
		};
		7C97405D213D01F5004AE532 /* Release */ = {
			isa = XCBuildConfiguration;
			buildSettings = {
				ALWAYS_EMBED_SWIFT_STANDARD_LIBRARIES = YES;
				CODE_SIGN_STYLE = Automatic;
				DEVELOPMENT_TEAM = 33TJB32FQB;
				INFOPLIST_FILE = MeTooReportMapUITests/Info.plist;
				LD_RUNPATH_SEARCH_PATHS = (
					"$(inherited)",
					"@executable_path/Frameworks",
					"@loader_path/Frameworks",
				);
				PRODUCT_BUNDLE_IDENTIFIER = com.mingxuanzha.MeTooReportMapUITests;
				PRODUCT_NAME = "$(TARGET_NAME)";
				SWIFT_VERSION = 4.0;
				TARGETED_DEVICE_FAMILY = "1,2";
				TEST_TARGET_NAME = MeTooReportMap;
			};
			name = Release;
		};
/* End XCBuildConfiguration section */

/* Begin XCConfigurationList section */
		7C974026213D01F3004AE532 /* Build configuration list for PBXProject "MeTooReportMap" */ = {
			isa = XCConfigurationList;
			buildConfigurations = (
				7C974053213D01F5004AE532 /* Debug */,
				7C974054213D01F5004AE532 /* Release */,
			);
			defaultConfigurationIsVisible = 0;
			defaultConfigurationName = Release;
		};
		7C974055213D01F5004AE532 /* Build configuration list for PBXNativeTarget "MeTooReportMap" */ = {
			isa = XCConfigurationList;
			buildConfigurations = (
				7C974056213D01F5004AE532 /* Debug */,
				7C974057213D01F5004AE532 /* Release */,
			);
			defaultConfigurationIsVisible = 0;
			defaultConfigurationName = Release;
		};
		7C974058213D01F5004AE532 /* Build configuration list for PBXNativeTarget "MeTooReportMapTests" */ = {
			isa = XCConfigurationList;
			buildConfigurations = (
				7C974059213D01F5004AE532 /* Debug */,
				7C97405A213D01F5004AE532 /* Release */,
			);
			defaultConfigurationIsVisible = 0;
			defaultConfigurationName = Release;
		};
		7C97405B213D01F5004AE532 /* Build configuration list for PBXNativeTarget "MeTooReportMapUITests" */ = {
			isa = XCConfigurationList;
			buildConfigurations = (
				7C97405C213D01F5004AE532 /* Debug */,
				7C97405D213D01F5004AE532 /* Release */,
			);
			defaultConfigurationIsVisible = 0;
			defaultConfigurationName = Release;
		};
/* End XCConfigurationList section */
	};
	rootObject = 7C974023213D01F3004AE532 /* Project object */;
}
